{
  "name": "heroku-mapnik",
  "version": "0.0.0",
  "dependencies": {
    "tilelive-mapnik": {
      "version": "0.5.0",
      "from": "git+https://github.com/mapbox/tilelive-mapnik.git",
      "resolved": "git+https://github.com/mapbox/tilelive-mapnik.git#d209336ceab2afd4a92d96f175620edbeefd90de",
      "dependencies": {
        "step": {
          "version": "0.0.5",
          "from": "step@~0.0.5"
        },
        "underscore": {
          "version": "1.3.3",
          "from": "underscore@~1.3.3"
        },
        "generic-pool": {
          "version": "2.0.3",
          "from": "generic-pool@~2.0.0"
        },
        "mapnik": {
          "version": "0.7.22",
          "from": "mapnik@~0.7.17"
        },
        "eio": {
          "version": "0.1.1",
          "from": "git+https://github.com/mojodna/node-eio.git#gyp",
          "resolved": "git+https://github.com/mojodna/node-eio.git#bbb73eb3832fc852591f3e2deae06dfe39259720"
        },
        "mime": {
          "version": "1.2.9",
          "from": "mime@~1.2.9"
        },
        "sphericalmercator": {
          "version": "1.0.2",
          "from": "sphericalmercator@~1.0.1"
        }
      }
    },
    "tilelive": {
      "version": "4.4.3",
      "from": "tilelive@~4.4.3",
      "dependencies": {
        "optimist": {
          "version": "0.3.7",
          "from": "optimist@~0.3.1",
          "dependencies": {
            "wordwrap": {
              "version": "0.0.2",
              "from": "wordwrap@~0.0.2"
            }
          }
        },
        "step": {
          "version": "0.0.5",
          "from": "step@~0.0.5"
        },
        "sphericalmercator": {
          "version": "1.0.2",
          "from": "sphericalmercator@~1.0.1"
        },
        "underscore": {
          "version": "1.3.3",
          "from": "underscore@~1.3.3"
        }
      }
    },
    "express": {
      "version": "3.1.2",
      "from": "express@~3.1.1",
      "dependencies": {
        "connect": {
          "version": "2.7.5",
          "from": "connect@2.7.5",
          "resolved": "https://registry.npmjs.org/connect/-/connect-2.7.5.tgz",
          "dependencies": {
            "qs": {
              "version": "0.5.1",
              "from": "qs@0.5.1",
              "resolved": "https://registry.npmjs.org/qs/-/qs-0.5.1.tgz"
            },
            "formidable": {
              "version": "1.0.11",
              "from": "formidable@1.0.11"
            },
            "buffer-crc32": {
              "version": "0.1.1",
              "from": "buffer-crc32@0.1.1",
              "resolved": "https://registry.npmjs.org/buffer-crc32/-/buffer-crc32-0.1.1.tgz"
            },
            "bytes": {
              "version": "0.2.0",
              "from": "bytes@0.2.0",
              "resolved": "https://registry.npmjs.org/bytes/-/bytes-0.2.0.tgz"
            },
            "pause": {
              "version": "0.0.1",
              "from": "pause@0.0.1",
              "resolved": "https://registry.npmjs.org/pause/-/pause-0.0.1.tgz"
            }
          }
        },
        "commander": {
          "version": "0.6.1",
          "from": "commander@0.6.1"
        },
        "range-parser": {
          "version": "0.0.4",
          "from": "range-parser@0.0.4"
        },
        "mkdirp": {
          "version": "0.3.5",
          "from": "mkdirp@~0.3.4"
        },
        "cookie": {
          "version": "0.0.5",
          "from": "cookie@0.0.5",
          "resolved": "https://registry.npmjs.org/cookie/-/cookie-0.0.5.tgz"
        },
        "buffer-crc32": {
          "version": "0.2.1",
          "from": "buffer-crc32@~0.2.1"
        },
        "fresh": {
          "version": "0.1.0",
          "from": "fresh@0.1.0"
        },
        "methods": {
          "version": "0.0.1",
          "from": "methods@0.0.1",
          "resolved": "https://registry.npmjs.org/methods/-/methods-0.0.1.tgz"
        },
        "send": {
          "version": "0.1.0",
          "from": "send@0.1.0",
          "resolved": "https://registry.npmjs.org/send/-/send-0.1.0.tgz",
          "dependencies": {
            "mime": {
              "version": "1.2.6",
              "from": "mime@1.2.6"
            }
          }
        },
        "cookie-signature": {
          "version": "1.0.0",
          "from": "cookie-signature@1.0.0",
          "resolved": "https://registry.npmjs.org/cookie-signature/-/cookie-signature-1.0.0.tgz"
        },
        "debug": {
          "version": "0.7.2",
          "from": "debug@*"
        }
      }
    },
    "cors": {
      "version": "1.0.1",
      "from": "cors@~1.0.1"
    }
  }
}
